// !$*UTF8*$!
{
	archiveVersion = 1;
	classes = {
	};
	objectVersion = 46;
	objects = {

/* Begin PBXBuildFile section */
		CE26E5EE1E5C2BB8006AE04A /* AppDelegate.swift in Sources */ = {isa = PBXBuildFile; fileRef = CE26E5ED1E5C2BB8006AE04A /* AppDelegate.swift */; };
		CE26E5F01E5C2BB8006AE04A /* ViewController.swift in Sources */ = {isa = PBXBuildFile; fileRef = CE26E5EF1E5C2BB8006AE04A /* ViewController.swift */; };
		CE26E5F31E5C2BB8006AE04A /* Main.storyboard in Resources */ = {isa = PBXBuildFile; fileRef = CE26E5F11E5C2BB8006AE04A /* Main.storyboard */; };
		CE26E5F51E5C2BB8006AE04A /* Assets.xcassets in Resources */ = {isa = PBXBuildFile; fileRef = CE26E5F41E5C2BB8006AE04A /* Assets.xcassets */; };
		CE26E5F81E5C2BB9006AE04A /* LaunchScreen.storyboard in Resources */ = {isa = PBXBuildFile; fileRef = CE26E5F61E5C2BB9006AE04A /* LaunchScreen.storyboard */; };
/* End PBXBuildFile section */

/* Begin PBXFileReference section */
		CE26E5EA1E5C2BB8006AE04A /* SwiftRelax.app */ = {isa = PBXFileReference; explicitFileType = wrapper.application; includeInIndex = 0; path = SwiftRelax.app; sourceTree = BUILT_PRODUCTS_DIR; };
		CE26E5ED1E5C2BB8006AE04A /* AppDelegate.swift */ = {isa = PBXFileReference; lastKnownFileType = sourcecode.swift; path = AppDelegate.swift; sourceTree = "<group>"; };
		CE26E5EF1E5C2BB8006AE04A /* ViewController.swift */ = {isa = PBXFileReference; lastKnownFileType = sourcecode.swift; path = ViewController.swift; sourceTree = "<group>"; };
		CE26E5F21E5C2BB8006AE04A /* Base */ = {isa = PBXFileReference; lastKnownFileType = file.storyboard; name = Base; path = Base.lproj/Main.storyboard; sourceTree = "<group>"; };
		CE26E5F41E5C2BB8006AE04A /* Assets.xcassets */ = {isa = PBXFileReference; lastKnownFileType = folder.assetcatalog; path = Assets.xcassets; sourceTree = "<group>"; };
		CE26E5F71E5C2BB9006AE04A /* Base */ = {isa = PBXFileReference; lastKnownFileType = file.storyboard; name = Base; path = Base.lproj/LaunchScreen.storyboard; sourceTree = "<group>"; };
		CE26E5F91E5C2BB9006AE04A /* Info.plist */ = {isa = PBXFileReference; lastKnownFileType = text.plist.xml; path = Info.plist; sourceTree = "<group>"; };
/* End PBXFileReference section */

/* Begin PBXFrameworksBuildPhase section */
		CE26E5E71E5C2BB8006AE04A /* Frameworks */ = {
			isa = PBXFrameworksBuildPhase;
			buildActionMask = 2147483647;
			files = (
			);
			runOnlyForDeploymentPostprocessing = 0;
		};
/* End PBXFrameworksBuildPhase section */

/* Begin PBXGroup section */
		CE26E5E11E5C2BB8006AE04A = {
			isa = PBXGroup;
			children = (
				CE26E5EC1E5C2BB8006AE04A /* SwiftRelax */,
				CE26E5EB1E5C2BB8006AE04A /* Products */,
			);
			sourceTree = "<group>";
		};
		CE26E5EB1E5C2BB8006AE04A /* Products */ = {
			isa = PBXGroup;
			children = (
				CE26E5EA1E5C2BB8006AE04A /* SwiftRelax.app */,
			);
			name = Products;
			sourceTree = "<group>";
		};
		CE26E5EC1E5C2BB8006AE04A /* SwiftRelax */ = {
			isa = PBXGroup;
			children = (
				CE26E5ED1E5C2BB8006AE04A /* AppDelegate.swift */,
				CE26E5EF1E5C2BB8006AE04A /* ViewController.swift */,
				CE26E5F11E5C2BB8006AE04A /* Main.storyboard */,
				CE26E5F41E5C2BB8006AE04A /* Assets.xcassets */,
				CE26E5F61E5C2BB9006AE04A /* LaunchScreen.storyboard */,
				CE26E5F91E5C2BB9006AE04A /* Info.plist */,
			);
			path = SwiftRelax;
			sourceTree = "<group>";
		};
/* End PBXGroup section */

/* Begin PBXNativeTarget section */
		CE26E5E91E5C2BB8006AE04A /* SwiftRelax */ = {
			isa = PBXNativeTarget;
			buildConfigurationList = CE26E5FC1E5C2BB9006AE04A /* Build configuration list for PBXNativeTarget "SwiftRelax" */;
			buildPhases = (
				CE26E5E61E5C2BB8006AE04A /* Sources */,
				CE26E5E71E5C2BB8006AE04A /* Frameworks */,
				CE26E5E81E5C2BB8006AE04A /* Resources */,
			);
			buildRules = (
			);
			dependencies = (
			);
			name = SwiftRelax;
			productName = SwiftRelax;
			productReference = CE26E5EA1E5C2BB8006AE04A /* SwiftRelax.app */;
			productType = "com.apple.product-type.application";
		};
/* End PBXNativeTarget section */

/* Begin PBXProject section */
		CE26E5E21E5C2BB8006AE04A /* Project object */ = {
			isa = PBXProject;
			attributes = {
				LastSwiftUpdateCheck = 0820;
				LastUpgradeCheck = 0820;
				ORGANIZATIONNAME = "Yasuaki Kitaoka";
				TargetAttributes = {
					CE26E5E91E5C2BB8006AE04A = {
						CreatedOnToolsVersion = 8.2.1;
						ProvisioningStyle = Automatic;
					};
				};
			};
			buildConfigurationList = CE26E5E51E5C2BB8006AE04A /* Build configuration list for PBXProject "SwiftRelax" */;
			compatibilityVersion = "Xcode 3.2";
			developmentRegion = English;
			hasScannedForEncodings = 0;
			knownRegions = (
				en,
				Base,
			);
			mainGroup = CE26E5E11E5C2BB8006AE04A;
			productRefGroup = CE26E5EB1E5C2BB8006AE04A /* Products */;
			projectDirPath = "";
			projectRoot = "";
			targets = (
				CE26E5E91E5C2BB8006AE04A /* SwiftRelax */,
			);
		};
/* End PBXProject section */

/* Begin PBXResourcesBuildPhase section */
		CE26E5E81E5C2BB8006AE04A /* Resources */ = {
			isa = PBXResourcesBuildPhase;
			buildActionMask = 2147483647;
			files = (
				CE26E5F81E5C2BB9006AE04A /* LaunchScreen.storyboard in Resources */,
				CE26E5F51E5C2BB8006AE04A /* Assets.xcassets in Resources */,
				CE26E5F31E5C2BB8006AE04A /* Main.storyboard in Resources */,
			);
			runOnlyForDeploymentPostprocessing = 0;
		};
/* End PBXResourcesBuildPhase section */

/* Begin PBXSourcesBuildPhase section */
		CE26E5E61E5C2BB8006AE04A /* Sources */ = {
			isa = PBXSourcesBuildPhase;
			buildActionMask = 2147483647;
			files = (
				CE26E5F01E5C2BB8006AE04A /* ViewController.swift in Sources */,
				CE26E5EE1E5C2BB8006AE04A /* AppDelegate.swift in Sources */,
			);
			runOnlyForDeploymentPostprocessing = 0;
		};
/* End PBXSourcesBuildPhase section */

/* Begin PBXVariantGroup section */
		CE26E5F11E5C2BB8006AE04A /* Main.storyboard */ = {
			isa = PBXVariantGroup;
			children = (
				CE26E5F21E5C2BB8006AE04A /* Base */,
			);
			name = Main.storyboard;
			sourceTree = "<group>";
		};
		CE26E5F61E5C2BB9006AE04A /* LaunchScreen.storyboard */ = {
			isa = PBXVariantGroup;
			children = (
				CE26E5F71E5C2BB9006AE04A /* Base */,
			);
			name = LaunchScreen.storyboard;
			sourceTree = "<group>";
		};
/* End PBXVariantGroup section */

/* Begin XCBuildConfiguration section */
		CE26E5FA1E5C2BB9006AE04A /* Debug */ = {
			isa = XCBuildConfiguration;
			buildSettings = {
				ALWAYS_SEARCH_USER_PATHS = NO;
				CLANG_ANALYZER_NONNULL = YES;
				CLANG_CXX_LANGUAGE_STANDARD = "gnu++0x";
				CLANG_CXX_LIBRARY = "libc++";
				CLANG_ENABLE_MODULES = YES;
				CLANG_ENABLE_OBJC_ARC = YES;
				CLANG_WARN_BOOL_CONVERSION = YES;
				CLANG_WARN_CONSTANT_CONVERSION = YES;
				CLANG_WARN_DIRECT_OBJC_ISA_USAGE = YES_ERROR;
				CLANG_WARN_DOCUMENTATION_COMMENTS = YES;
				CLANG_WARN_EMPTY_BODY = YES;
				CLANG_WARN_ENUM_CONVERSION = YES;
				CLANG_WARN_INFINITE_RECURSION = YES;
				CLANG_WARN_INT_CONVERSION = YES;
				CLANG_WARN_OBJC_ROOT_CLASS = YES_ERROR;
				CLANG_WARN_SUSPICIOUS_MOVE = YES;
				CLANG_WARN_UNREACHABLE_CODE = YES;
				CLANG_WARN__DUPLICATE_METHOD_MATCH = YES;
				"CODE_SIGN_IDENTITY[sdk=iphoneos*]" = "iPhone Developer";
				COPY_PHASE_STRIP = NO;
				DEBUG_INFORMATION_FORMAT = dwarf;
				ENABLE_STRICT_OBJC_MSGSEND = YES;
				ENABLE_TESTABILITY = YES;
				GCC_C_LANGUAGE_STANDARD = gnu99;
				GCC_DYNAMIC_NO_PIC = NO;
				GCC_NO_COMMON_BLOCKS = YES;
				GCC_OPTIMIZATION_LEVEL = 0;
				GCC_PREPROCESSOR_DEFINITIONS = (
					"DEBUG=1",
					"$(inherited)",
				);
				GCC_WARN_64_TO_32_BIT_CONVERSION = YES;
				GCC_WARN_ABOUT_RETURN_TYPE = YES_ERROR;
				GCC_WARN_UNDECLARED_SELECTOR = YES;
				GCC_WARN_UNINITIALIZED_AUTOS = YES_AGGRESSIVE;
				GCC_WARN_UNUSED_FUNCTION = YES;
				GCC_WARN_UNUSED_VARIABLE = YES;
				IPHONEOS_DEPLOYMENT_TARGET = 10.2;
				MTL_ENABLE_DEBUG_INFO = YES;
				ONLY_ACTIVE_ARCH = YES;
				SDKROOT = iphoneos;
				SWIFT_ACTIVE_COMPILATION_CONDITIONS = DEBUG;
				SWIFT_OPTIMIZATION_LEVEL = "-Onone";
			};
			name = Debug;
		};
		CE26E5FB1E5C2BB9006AE04A /* Release */ = {
			isa = XCBuildConfiguration;
			buildSettings = {
				ALWAYS_SEARCH_USER_PATHS = NO;
				CLANG_ANALYZER_NONNULL = YES;
				CLANG_CXX_LANGUAGE_STANDARD = "gnu++0x";
				CLANG_CXX_LIBRARY = "libc++";
				CLANG_ENABLE_MODULES = YES;
				CLANG_ENABLE_OBJC_ARC = YES;
				CLANG_WARN_BOOL_CONVERSION = YES;
				CLANG_WARN_CONSTANT_CONVERSION = YES;
				CLANG_WARN_DIRECT_OBJC_ISA_USAGE = YES_ERROR;
				CLANG_WARN_DOCUMENTATION_COMMENTS = YES;
				CLANG_WARN_EMPTY_BODY = YES;
				CLANG_WARN_ENUM_CONVERSION = YES;
				CLANG_WARN_INFINITE_RECURSION = YES;
				CLANG_WARN_INT_CONVERSION = YES;
				CLANG_WARN_OBJC_ROOT_CLASS = YES_ERROR;
				CLANG_WARN_SUSPICIOUS_MOVE = YES;
				CLANG_WARN_UNREACHABLE_CODE = YES;
				CLANG_WARN__DUPLICATE_METHOD_MATCH = YES;
				"CODE_SIGN_IDENTITY[sdk=iphoneos*]" = "iPhone Developer";
				COPY_PHASE_STRIP = NO;
				DEBUG_INFORMATION_FORMAT = "dwarf-with-dsym";
				ENABLE_NS_ASSERTIONS = NO;
				ENABLE_STRICT_OBJC_MSGSEND = YES;
				GCC_C_LANGUAGE_STANDARD = gnu99;
				GCC_NO_COMMON_BLOCKS = YES;
				GCC_WARN_64_TO_32_BIT_CONVERSION = YES;
				GCC_WARN_ABOUT_RETURN_TYPE = YES_ERROR;
				GCC_WARN_UNDECLARED_SELECTOR = YES;
				GCC_WARN_UNINITIALIZED_AUTOS = YES_AGGRESSIVE;
				GCC_WARN_UNUSED_FUNCTION = YES;
				GCC_WARN_UNUSED_VARIABLE = YES;
				IPHONEOS_DEPLOYMENT_TARGET = 10.2;
				MTL_ENABLE_DEBUG_INFO = NO;
				SDKROOT = iphoneos;
				SWIFT_OPTIMIZATION_LEVEL = "-Owholemodule";
				VALIDATE_PRODUCT = YES;
			};
			name = Release;
		};
		CE26E5FD1E5C2BB9006AE04A /* Debug */ = {
			isa = XCBuildConfiguration;
			buildSettings = {
				ASSETCATALOG_COMPILER_APPICON_NAME = AppIcon;
				INFOPLIST_FILE = SwiftRelax/Info.plist;
				LD_RUNPATH_SEARCH_PATHS = "$(inherited) @executable_path/Frameworks";
				PRODUCT_BUNDLE_IDENTIFIER = com.yasuaki.SwiftRelax;
				PRODUCT_NAME = "$(TARGET_NAME)";
				SWIFT_VERSION = 3.0;
			};
			name = Debug;
		};
		CE26E5FE1E5C2BB9006AE04A /* Release */ = {
			isa = XCBuildConfiguration;
			buildSettings = {
				ASSETCATALOG_COMPILER_APPICON_NAME = AppIcon;
				INFOPLIST_FILE = SwiftRelax/Info.plist;
				LD_RUNPATH_SEARCH_PATHS = "$(inherited) @executable_path/Frameworks";
				PRODUCT_BUNDLE_IDENTIFIER = com.yasuaki.SwiftRelax;
				PRODUCT_NAME = "$(TARGET_NAME)";
				SWIFT_VERSION = 3.0;
			};
			name = Release;
		};
/* End XCBuildConfiguration section */

/* Begin XCConfigurationList section */
		CE26E5E51E5C2BB8006AE04A /* Build configuration list for PBXProject "SwiftRelax" */ = {
			isa = XCConfigurationList;
			buildConfigurations = (
				CE26E5FA1E5C2BB9006AE04A /* Debug */,
				CE26E5FB1E5C2BB9006AE04A /* Release */,
			);
			defaultConfigurationIsVisible = 0;
			defaultConfigurationName = Release;
		};
		CE26E5FC1E5C2BB9006AE04A /* Build configuration list for PBXNativeTarget "SwiftRelax" */ = {
			isa = XCConfigurationList;
			buildConfigurations = (
				CE26E5FD1E5C2BB9006AE04A /* Debug */,
				CE26E5FE1E5C2BB9006AE04A /* Release */,
			);
			defaultConfigurationIsVisible = 0;
		};
/* End XCConfigurationList section */
	};
	rootObject = CE26E5E21E5C2BB8006AE04A /* Project object */;
}
